
Microsoft Visual Studio Solution File, Format Version 12.00
# Visual Studio Version 17
VisualStudioVersion = 17.14.36429.23 d17.14
MinimumVisualStudioVersion = 10.0.40219.1
Project("{FAE04EC0-301F-11D3-BF4B-00C04F79EFBC}") = "Vod2Tube.Console", "Vod2Tube.Console\Vod2Tube.Console.csproj", "{544E6583-E230-4A56-B37D-1B8AD9C2D377}"
EndProject
Project("{FAE04EC0-301F-11D3-BF4B-00C04F79EFBC}") = "Vod2Tube.Infrastructure", "Vod2Tube.Infrastructure\Vod2Tube.Infrastructure.csproj", "{D87341C4-C578-4853-8FE6-7F193B59453C}"
EndProject
Project("{FAE04EC0-301F-11D3-BF4B-00C04F79EFBC}") = "Vod2Tube.Domain", "Vod2Tube.Domain\Vod2Tube.Domain.csproj", "{167431FD-9AA8-46B8-BD76-9C8C4F1B2DEE}"
EndProject
Project("{FAE04EC0-301F-11D3-BF4B-00C04F79EFBC}") = "Vod2Tube.Application", "Vod2Tube.Application\Vod2Tube.Application.csproj", "{1F160053-FE20-41F3-851A-7055939F2432}"
EndProject
Global
	GlobalSection(SolutionConfigurationPlatforms) = preSolution
		Debug|Any CPU = Debug|Any CPU
		Release|Any CPU = Release|Any CPU
	EndGlobalSection
	GlobalSection(ProjectConfigurationPlatforms) = postSolution
		{544E6583-E230-4A56-B37D-1B8AD9C2D377}.Debug|Any CPU.ActiveCfg = Debug|Any CPU
		{544E6583-E230-4A56-B37D-1B8AD9C2D377}.Debug|Any CPU.Build.0 = Debug|Any CPU
		{544E6583-E230-4A56-B37D-1B8AD9C2D377}.Release|Any CPU.ActiveCfg = Release|Any CPU
		{544E6583-E230-4A56-B37D-1B8AD9C2D377}.Release|Any CPU.Build.0 = Release|Any CPU
		{D87341C4-C578-4853-8FE6-7F193B59453C}.Debug|Any CPU.ActiveCfg = Debug|Any CPU
		{D87341C4-C578-4853-8FE6-7F193B59453C}.Debug|Any CPU.Build.0 = Debug|Any CPU
		{D87341C4-C578-4853-8FE6-7F193B59453C}.Release|Any CPU.ActiveCfg = Release|Any CPU
		{D87341C4-C578-4853-8FE6-7F193B59453C}.Release|Any CPU.Build.0 = Release|Any CPU
		{167431FD-9AA8-46B8-BD76-9C8C4F1B2DEE}.Debug|Any CPU.ActiveCfg = Debug|Any CPU
		{167431FD-9AA8-46B8-BD76-9C8C4F1B2DEE}.Debug|Any CPU.Build.0 = Debug|Any CPU
		{167431FD-9AA8-46B8-BD76-9C8C4F1B2DEE}.Release|Any CPU.ActiveCfg = Release|Any CPU
		{167431FD-9AA8-46B8-BD76-9C8C4F1B2DEE}.Release|Any CPU.Build.0 = Release|Any CPU
		{1F160053-FE20-41F3-851A-7055939F2432}.Debug|Any CPU.ActiveCfg = Debug|Any CPU
		{1F160053-FE20-41F3-851A-7055939F2432}.Debug|Any CPU.Build.0 = Debug|Any CPU
		{1F160053-FE20-41F3-851A-7055939F2432}.Release|Any CPU.ActiveCfg = Release|Any CPU
		{1F160053-FE20-41F3-851A-7055939F2432}.Release|Any CPU.Build.0 = Release|Any CPU
	EndGlobalSection
	GlobalSection(SolutionProperties) = preSolution
		HideSolutionNode = FALSE
	EndGlobalSection
	GlobalSection(ExtensibilityGlobals) = postSolution
		SolutionGuid = {67F99424-99B9-4148-930D-02BC99E9D6FF}
	EndGlobalSection
EndGlobal
